
Microsoft Visual Studio Solution File, Format Version 12.00
# Visual Studio Version 17
VisualStudioVersion = 17.3.32929.385
MinimumVisualStudioVersion = 10.0.40219.1
Project("{FAE04EC0-301F-11D3-BF4B-00C04F79EFBC}") = "WebBriliFresh", "WebBriliFresh\WebBriliFresh.csproj", "{C24ECDA1-B807-4E56-93CB-DF69472ABE22}"
EndProject
Global
	GlobalSection(SolutionConfigurationPlatforms) = preSolution
		Debug|Any CPU = Debug|Any CPU
		Release|Any CPU = Release|Any CPU
	EndGlobalSection
	GlobalSection(ProjectConfigurationPlatforms) = postSolution
		{C24ECDA1-B807-4E56-93CB-DF69472ABE22}.Debug|Any CPU.ActiveCfg = Debug|Any CPU
		{C24ECDA1-B807-4E56-93CB-DF69472ABE22}.Debug|Any CPU.Build.0 = Debug|Any CPU
		{C24ECDA1-B807-4E56-93CB-DF69472ABE22}.Release|Any CPU.ActiveCfg = Release|Any CPU
		{C24ECDA1-B807-4E56-93CB-DF69472ABE22}.Release|Any CPU.Build.0 = Release|Any CPU
	EndGlobalSection
	GlobalSection(SolutionProperties) = preSolution
		HideSolutionNode = FALSE
	EndGlobalSection
	GlobalSection(ExtensibilityGlobals) = postSolution
		SolutionGuid = {12F5610D-09C4-49B3-B9F2-2EC80AA1D31E}
	EndGlobalSection
EndGlobal
